github.com/BurntSushi/toml v1.6.0 h1:dRaEfpa2VI55EwlIW72hMRHdWouJeRF7TPYhI+AUQjk=
github.com/BurntSushi/toml v1.6.0/go.mod h1:ukJfTF/6rtPPRCnwkur4qwRxa8vTRFBF0uk2lLoLwho=
github.com/DATA-DOG/go-sqlmock v1.5.2 h1:OcvFkGmslmlZibjAjaHm3L//6LiuBgolP7OputlJIzU=
github.com/DATA-DOG/go-sqlmock v1.5.2/go.mod h1:88MAG/4G7SMwSE3CeA0ZKzrT5CiOU3OJ+JlNzwDqpNU=
github.com/alecthomas/assert/v2 v2.11.0 h1:2Q9r3ki8+JYXvGsDyBXwH3LcJ+WK5D0gc5E8vS6K3D0=
github.com/alecthomas/assert/v2 v2.11.0/go.mod h1:Bze95FyfUr7x34QZrjL+XP+0qgp/zg8yS+TtBj1WA3k=
github.com/alecthomas/repr v0.5.4 h1:OVP7JEcuzU9CCDsT6STCr3rg17oQfWILtPWd2EG0uN4=
github.com/alecthomas/repr v0.5.4/go.mod h1:Fr0507jx4eOXV7AlPV6AVZLYrLIuIeSOWtW57eE/O/4=
github.com/andybalholm/brotli v1.2.6 h1:ftYnfj6usCp+UGV5kSJ3+chpMQgU+gJf/AxsUQ52REI=
github.com/andybalholm/brotli v1.2.6/go.mod h1:rzTDkvFWvIrjDXZHkuS16NPggd91W3kUSvPlQ1pLaKY=
github.com/bassosimone/closepool v0.0.0-20261005144423-6328e0244d72 h1:NTyKABOiR9pY5+fWVeJdxOw0yI0O2Ip77/u6jHLUDL4=
github.com/bassosimone/closepool v0.0.0-20261005144423-6328e0244d72/go.mod h1:pTm4iP9igekKou5VsOwzdZcl7kwerWHVqw/cwdPBLKE=
github.com/bassosimone/deferexit v0.0.0-20261005144642-cbfbd3aa5dc7 h1:7+PJRd6lSIoBIToEFhaG/4UWo3CuZu5zJ62vmzi/+yk=
github.com/bassosimone/deferexit v0.0.0-20261005144642-cbfbd3aa5dc7/go.mod h1:NSAjebj+WdAq+TUpnwqOEDWdybQMWY4qBGp5lIYUnmg=
github.com/bassosimone/dnscodec v0.0.0-20261005145128-388641c61fb4 h1:66C5uWnSPYj3oZG/pd96seVUmiXuMvp4LkOMQBckyMY=
github.com/bassosimone/dnscodec v0.0.0-20261005145128-388641c61fb4/go.mod h1:8be2gr/9QC3TX09dMfXh5i7f8kWiXln/eexZL7mxTPw=
github.com/bassosimone/dnsoverhttps v0.0.0-20261006065313-d3b927428e25 h1:uzrDRFBYV85A22B7je6CrHXbtN6pqKKrLVfaP9OL6Ug=
github.com/bassosimone/dnsoverhttps v0.0.0-20261006065313-d3b927428e25/go.mod h1:uXa0hD+dMv49Mq7Dvzv3ps4BQh8Rv4Qeu7Qnhu47aUM=
github.com/bassosimone/dnsoverstream v0.0.0-20261006065349-d8d1d8b12cae h1:4AXubYTdxRgzf7KLWII+8JOt8h02wd2sHV424tIGUNQ=
github.com/bassosimone/dnsoverstream v0.0.0-20261006065349-d8d1d8b12cae/go.mod h1:7AeCOdIuMC98O8XrZ+HWqEJ3XdPfCuHu7mohAUWj+SU=
github.com/bassosimone/dnstest v0.0.0-20261005145717-2d50c4555014 h1:TlgAkMrtVMfJql61yCRiGGSwZC0SCBNn7Jj2D7E5aL8=
github.com/bassosimone/dnstest v0.0.0-20261005145717-2d50c4555014/go.mod h1:Yvcrbz0TUW+YBP5VoWfkLpznf0DckLslUPgqpF+V24E=
github.com/bassosimone/errclass v0.0.0-20261005144716-2d461da39b74 h1:ClmeAgOsdGsEmyzoRC6zsOSiAS+GukwNviPsabclRgE=
github.com/bassosimone/errclass v0.0.0-20261005144716-2d461da39b74/go.mod h1:sQxfND7rwso9FT9cexdBsWTmRa367CyhWTixnnV+Yw4=
github.com/bassosimone/flagparser v0.0.0-20261005145229-03254f4ff6fc h1:rmbR+CYRpBoGG7B9AGkp8GfMy5vLjtmlm4EVUVqeqss=
github.com/bassosimone/flagparser v0.0.0-20261005145229-03254f4ff6fc/go.mod h1:J6j0M618cpWGS7CMsUP5a4iKTeLdZQXT0A9KqiVcUZ8=
github.com/bassosimone/flagscanner v0.0.0-20261005144756-a1383349131b h1:CAPA6MYoqIsi/z3NyS6pitRgMseLnOB6d8Z+F6es/UI=
github.com/bassosimone/flagscanner v0.0.0-20261005144756-a1383349131b/go.mod h1:lsqcETgORqNfmetvXIwX+7tDV3wD1FFLa9S+RiaK7IM=
github.com/bassosimone/httptestx v0.0.0-20261005145309-8a37350e882e h1:FUenSg9i0K8UiD0SII5ogoO56CZaUbxlo9lBXe3tSlg=
github.com/bassosimone/httptestx v0.0.0-20261005145309-8a37350e882e/go.mod h1:CXntY0x2Z10QR8jIjoaegN1Ptv+ib5hM5v+RtaHCCLw=
github.com/bassosimone/iotest v0.0.0-20261005145345-0eb37e4e40a1 h1:HLphCy3Q8Hleao9SCQZWvELlthq2RrH5fXJeUp/zZPI=
github.com/bassosimone/iotest v0.0.0-20261005145345-0eb37e4e40a1/go.mod h1:iUFUxubsNTYvTyTJippuwVwOUY4oYyhrNyHfRvuKjn0=
github.com/bassosimone/iox v0.0.0-20261005145813-ba7aa6d554ea h1:fGpo9kax9ZJ/t57IsH94+Xc0de0x+45vzfeEIF8da9k=
github.com/bassosimone/iox v0.0.0-20261005145813-ba7aa6d554ea/go.mod h1:rl8AasJLNGMwDXpNv2slGqmyVKjZ//TSM3j767j6lWk=
github.com/bassosimone/minest v0.0.0-20261006065427-c31e3377405b h1:MDrzJVjAQSHRWI7hc73UhBUaM6jZ1i/bX7tpfg17AXM=
github.com/bassosimone/minest v0.0.0-20261006065427-c31e3377405b/go.mod h1:aN7ZXNYJfRHlUdJZ3eK1WBxYJEbXVQnbN2CK7+ZYN/g=
github.com/bassosimone/must v0.0.0-20261005145849-34793a0e24f8 h1:P6Hs7QQ1yq0B2EjBgclZFiQgw1QOP9p5NS6ND0/CLSI=
github.com/bassosimone/must v0.0.0-20261005145849-34793a0e24f8/go.mod h1:F756h7e7nF0hoKnfvstjTNQ1TPezd5DNGvf0GbSJPZ8=
github.com/bassosimone/netstub v0.0.0-20261005145417-323ef9359fb2 h1:SBiWbtvLV5o5hlV6ev2OpDnUlNAvlLMBera23XXy3f0=
github.com/bassosimone/netstub v0.0.0-20261005145417-323ef9359fb2/go.mod h1:G/2jKW1tkGBX3d2uJwm9LobcvdA8cquj4BP0eF4LAmI=
github.com/bassosimone/pkitest v0.0.0-20261005145452-7b85881f912d h1:sSnMO31joutMWujPwqs+scoRN5twRObMkk2XZRN71aE=
github.com/bassosimone/pkitest v0.0.0-20261005145452-7b85881f912d/go.mod h1:2KJWmQuaY/fn7rrufVu3EwbfqO5Py+oNj3ln9WknUmE=
github.com/bassosimone/ptnop v0.0.0-20261006070702-517c209392d9 h1:NdTedd0io9qeJ3FFyDotQdpBGvJ7TERKbbCTnlnfIcw=
github.com/bassosimone/ptnop v0.0.0-20261006070702-517c209392d9/go.mod h1:nYAkw//YeY6eFwhtWQRs/LN7Nx+FH0gJYFXLDkgZXNA=
github.com/bassosimone/runtimex v0.0.0-20261005144844-77dc639b0e90 h1:crpeakr4bPQGTsV25nbtVXB72cwfk1wnZc2HF3fE1KE=
github.com/bassosimone/runtimex v0.0.0-20261005144844-77dc639b0e90/go.mod h1:2aW76skIZNS7ljOpIqU3eARVLmtb0AG/Gab4aegSkTA=
github.com/bassosimone/safeconn v0.0.0-20261005145944-9035df85f071 h1:DBbZo67LGRhlLGt3uV9so3E//UYOigi9A7cFLBfs8g8=
github.com/bassosimone/safeconn v0.0.0-20261005145944-9035df85f071/go.mod h1:8VRhi4wcUZ33KPw5mvP0dyyW4/+h7NVJESAINBEMEZI=
github.com/bassosimone/sud v0.0.0-20261005144921-ab7834eb8950 h1:3aQsWUNGJnl1OBMJpLXCkk3H64TPsTJcM+crUM2n3yw=
github.com/bassosimone/sud v0.0.0-20261005144921-ab7834eb8950/go.mod h1:rWgLB1knwP392RwXnPA0FOlfHmzPpLJD/1KrHg+ev1I=
github.com/bassosimone/textwrap v0.0.0-20261005145027-6e50b1e009a9 h1:dh6PMPVtd+3V6D82Y+y82PV6rPPwGbJb92lTUV4JThA=
github.com/bassosimone/textwrap v0.0.0-20261005145027-6e50b1e009a9/go.mod h1:Abw4PaN0ny+I6/HT5tZV9NwTOz2qqT9MzWWom8g6veo=
github.com/bassosimone/tlsstub v0.0.0-20261005150048-23e55cadc490 h1:2RKJGmtQDJIDLTMuAu9Psf880datD5rGSlIINsFCldM=
github.com/bassosimone/tlsstub v0.0.0-20261005150048-23e55cadc490/go.mod h1:jyj1s7p8M8capZ6rQ9cY56c6IxfQqjCJvcr9frl6apI=
github.com/bassosimone/vclip v0.0.0-20261006070757-1ed765ad0339 h1:WKxEIhrtqYKsZ2OXHpH4/1+aPA3cr5pU2wRzATB5hXg=
github.com/bassosimone/vclip v0.0.0-20261006070757-1ed765ad0339/go.mod h1:WSXookQrx/P5RA96aMzpWNV+V+vr3TSqrZmXUSoepTg=
github.com/bassosimone/vflag v0.0.0-20261006065510-ce05c7d76a28 h1:rl+GyVB16hWy8u0q8u6ohFAax63FRR27c5PZPS6lStI=
github.com/bassosimone/vflag v0.0.0-20261006065510-ce05c7d76a28/go.mod h1:n0TTXlHtWY4rXFGPOJ7Nkel+M5+jm9ZQ+dAAtQcxll4=
github.com/goccy/go-yaml v1.19.2 h1:PmFC1S6h8ljIz6gMRBopkjP1TVT7xuwrButHID66PoM=
github.com/goccy/go-yaml v1.19.2/go.mod h1:XBurs7gK8ATbW4ZPGKgcbrY1Br56PdM69F7LkFRi1kA=
github.com/google/go-cmp v0.7.0 h1:wk8382ETsv4JYUZwIsn6YpYiWiBsYLSJiTsyBybVuN8=
github.com/google/go-cmp v0.7.0/go.mod h1:pXiqmnSA92OHEEa9HXL2W4E7lf9JzCmGVUdgjX3N/iU=
github.com/google/uuid v1.6.0 h1:NIvaJDMOsjHA8n1jAhLSgzrAzy1Hgr+hNrb57e+94F0=
github.com/google/uuid v1.6.0/go.mod h1:TIyPZe4MgqvfeYDBFedMoGGpEw/LqOeaOT+nhxU+yHo=
github.com/hexops/gotextdiff v1.0.3 h1:gitA9+qJrrTCsiCl7+kh75nPqQt1cx4ZkudSTLoUqJM=
github.com/hexops/gotextdiff v1.0.3/go.mod h1:pSWU5MAI3yDq+fZBTazCSJysOMbxWL1BSow5/V2vxeg=
github.com/klauspost/compress v1.20.1 h1:T7kKElXUMXrUJ2E9QhQhxFtcK5rPyLdsGZvdbLMPdiQ=
github.com/klauspost/compress v1.20.1/go.mod h1:LUdAzn7YLVvxLpc7y3V1m40wESHTgc1422pwwBSKYuI=
github.com/miekg/dns v1.1.73 h1:uhT8nJxmTrPJYClxVxTCX+CVn6qnzSiybRk72Z6DgrE=
github.com/miekg/dns v1.1.73/go.mod h1:RW2Obtfd5NZHvOFe3zYG0W8koWOQtAzyHaLo8vASBuQ=
github.com/parquet-go/bitpack v1.1.0 h1:b80hfKZwIJ3Ku684xJSEj/9G0tywQPKOtmTV8si30mo=
github.com/parquet-go/bitpack v1.1.0/go.mod h1:XnVk9TH+O40eOOmvpAVZ7K2ocQFrQwysLMnc6M/8lgs=
github.com/parquet-go/jsonlite v1.5.5 h1:TIqJ+b+mYoTvvEt1/ICS4fBacQO0xWwAbvtcrKjEcC8=
github.com/parquet-go/jsonlite v1.5.5/go.mod h1:hN57TVzxtr04kaax5XwNgCCsh1KE7BT6dvY6X/zNH90=
github.com/parquet-go/parquet-go v0.32.0 h1:NWDqTUHfrCS4cJP/Fj2HlxvqsrVedWG3sayMkf+znzM=
github.com/parquet-go/parquet-go v0.32.0/go.mod h1:navtkAYr2LGoJVp141oXPlO/sxLvaOe3la2JEoD8+rg=
github.com/pierrec/lz4/v4 v4.1.33 h1:GjG1TJ1V4IzKP8L96muuuDNpTwd7D+l2ccXrjAbe014=
github.com/pierrec/lz4/v4 v4.1.33/go.mod h1:7SE9MC2STkNtL4PIwGhjmyVwvILaGI9/COYQNBhKM/c=
github.com/pion/dtls/v3 v3.1.10 h1:HWC+QCZitP/ApADS/6+g7UIw2YmLgoK3CsynnjPJgMo=
github.com/pion/dtls/v3 v3.1.10/go.mod h1:iKFQNYrjsN2TiA2YKKMqB9MOZaFpjFULBI/A4sW0eyc=
github.com/pion/logging v0.2.4 h1:tTew+7cmQ+Mc1pTBLKH2puKsOvhm32dROumOZ655zB8=
github.com/pion/logging v0.2.4/go.mod h1:DffhXTKYdNZU+KtJ5pyQDjvOAh/GsNSyv1lbkFbe3so=
github.com/pion/stun/v3 v3.1.7 h1:uRXMTlGLf89WgItGNyZ6aR5jMTX0NBbybXADpQCzn+E=
github.com/pion/stun/v3 v3.1.7/go.mod h1:Nq77RW4aRrSNrltf2ksUJLjxWeipj4lnlgdsYIxC8g8=
github.com/pion/transport/v4 v4.1.1 h1:kEBtbp1sRad0tnkREDNJ3fmop/CR8p/YxXnpFbn9tqo=
github.com/pion/transport/v4 v4.1.1/go.mod h1:Oxo5oODQvjFF7NkHBBz3f4fZXLB7x03uLVuzfYeA5pE=
github.com/pion/transport/v5 v5.1.1 h1:Sauq8YJqRopgRfIgnpfKpdpKG14g0N4jWlRgpWsEfN8=
github.com/pion/transport/v5 v5.1.1/go.mod h1:Qxw6fCEjFWQkRDZOhS4Vf+neJBcihauvA3uyEa1J1F0=
github.com/quic-go/go-ossfuzz-seeds v0.1.0 h1:APacT+iIaNF6fd8AGEiN3bT/Jtkd2jz4v4TzM7MFjy0=
github.com/quic-go/go-ossfuzz-seeds v0.1.0/go.mod h1:3IOHRbJIc+L6YKMwfDtJAM9Vj9k0YY4muhuyUYk5tbk=
github.com/quic-go/qpack v0.6.0 h1:g7W+BMYynC1LbYLSqRt8PBg5Tgwxn214ZZR34VIOjz8=
github.com/quic-go/qpack v0.6.0/go.mod h1:lUpLKChi8njB4ty2bFLX2x4gzDqXwUpaO1DP9qMDZII=
github.com/quic-go/quic-go v0.63.0 h1:LIFGHI4PFUhhw2dDD1ARHdCff143ffMHwZtbnbuJ78A=
github.com/quic-go/quic-go v0.63.0/go.mod h1:RAro2j2yN9a9EiPACLHT9IB2NXCvGQmmo/alT0yYI0w=
github.com/rogpeppe/go-internal v1.16.0 h1:O9DK+vNMDVGLr2BeZqmpLeMjiMNkuXfcqntWbZV6S5g=
github.com/rogpeppe/go-internal v1.16.0/go.mod h1:DrUVZyrJU+txYW5/1kwtXQSMFio52ZOxX7yM1VHvnxs=
github.com/stretchr/testify v1.12.1 h1:EuwCh5fleGS7H32xRwO3wRGT7DxrDhLAT6FF8MpWDWE=
github.com/stretchr/testify v1.12.1/go.mod h1:MDEgiDPPsNp5cuIrHPPCyornHKgEVbtFUmoNlxoYthg=
github.com/twpayne/go-geom v1.7.0 h1:zMHTHNlenoHAc2ZSiHFh7SMoG0Wdw8gF0orBnrBhfjE=
github.com/twpayne/go-geom v1.7.0/go.mod h1:y9Q2YcKKaC2PHXwtRvwEunOPx5Oa+U8aAxPmFvscROk=
github.com/wlynxg/anet v0.0.5 h1:J3VJGi1gvo0JwZ/P1/Yc/8p63SoW98B5dHkYDmpgvvU=
github.com/wlynxg/anet v0.0.5/go.mod h1:eay5PRQr7fIVAMbTbchTnO9gG65Hg/uYGdc7mguHxoA=
github.com/xyproto/randomstring v1.0.5 h1:YtlWPoRdgMu3NZtP45drfy1GKoojuR7hmRcnhZqKjWU=
github.com/xyproto/randomstring v1.0.5/go.mod h1:rgmS5DeNXLivK7YprL0pY+lTuhNQW3iGxZ18UQApw/E=
go.uber.org/mock v0.5.2 h1:LbtPTcP8A5k9WPXj54PPPbjcI4Y6lhyOZXn+VS7wNko=
go.uber.org/mock v0.5.2/go.mod h1:wLlUxC2vVTPTaE3UD51E0BGOAElKrILxhVSDYQLld5o=
go.yaml.in/yaml/v3 v3.0.5 h1:N6y/pJk8buWs9NY5ERU2HSMfm+IuD/OtfdAnq6kESPw=
go.yaml.in/yaml/v3 v3.0.5/go.mod h1:HVTZu1O7/Vkt2N+BFy8Zza+lnLsABggaTM2ZpNIGuKg=
golang.org/x/crypto v0.57.0 h1:3ZVCjf8Ggz7zneR/EHRVx68Ctf+2pmIMP2UFhh9cC6M=
golang.org/x/crypto v0.57.0/go.mod h1:Fdz0i5U6CoizGwLda9DttjSk6qlZo25zYNtR+ycvuZA=
golang.org/x/net v0.59.0 h1:5zfYln+w5XCxwrnMMJPufRgNoXEaGxl0wo5GqPXyues=
golang.org/x/net v0.59.0/go.mod h1:2DA/G1UfVbCpQPeWTmMPGY7Cs2PkBkwu743bVX5PIVg=
golang.org/x/sync v0.23.0 h1:KameEIfc1IkluZyXWLn39Wd4tURc6GbCiISGiZm2bQk=
golang.org/x/sync v0.23.0/go.mod h1:sUUOizhqBxiL6pEWpqNLUiaJn1ShEbZ6BBqskPbjZm0=
golang.org/x/sys v0.48.0 h1:bbX/i/6MgT9BVLM9RT1thmxL04yeTAhbEz4SyadbXoo=
golang.org/x/sys v0.48.0/go.mod h1:hNLxWAXmnKAxqDtdwIYC4bM9oQPEecfsnNMuSxOs3og=
golang.org/x/text v0.42.0 h1:JbOZXgfeCPU9gacVtYliJqOhD+zhrEqK4LfdpmlUZqI=
golang.org/x/text v0.42.0/go.mod h1:ojzP1Z+2QtioaF8DTtO8K5q7JWVVYwZKenzujK0Zd0E=
google.golang.org/protobuf v1.36.12 h1:pJOKDDOyeXErUroCihFAd5LQuwXBSpVnKGrj5o/fwxc=
google.golang.org/protobuf v1.36.12/go.mod h1:HTf+CrKn2C3g5S8VImy6tdcUvCska2kB7j23XfzDpco=
