github.com/DATA-DOG/go-sqlmock v1.5.2 h1:OcvFkGmslmlZibjAjaHm3L//6LiuBgolP7OputlJIzU=
github.com/DATA-DOG/go-sqlmock v1.5.2/go.mod h1:88MAG/4G7SMwSE3CeA0ZKzrT5CiOU3OJ+JlNzwDqpNU=
github.com/alecthomas/assert/v2 v2.10.0 h1:jjRCHsj6hBJhkmhznrCzoNpbA3zqy0fYiUcYZP/GkPY=
github.com/alecthomas/assert/v2 v2.10.0/go.mod h1:Bze95FyfUr7x34QZrjL+XP+0qgp/zg8yS+TtBj1WA3k=
github.com/alecthomas/repr v0.4.0 h1:GhI2A8MACjfegCPVq9f1FLvIBS+DrQ2KQBFZP1iFzXc=
github.com/alecthomas/repr v0.4.0/go.mod h1:Fr0507jx4eOXV7AlPV6AVZLYrLIuIeSOWtW57eE/O/4=
github.com/andybalholm/brotli v1.2.2 h1:HzTuoo2ErYQqf5qvcJInB8uvqSVxRttzkFexPWtnceM=
github.com/andybalholm/brotli v1.2.2/go.mod h1:rzTDkvFWvIrjDXZHkuS16NPggd91W3kUSvPlQ1pLaKY=
github.com/bassosimone/closepool v0.0.0-20260622072442-c2ef49d20318 h1:afSt1Ks7QsHucbrs0/SOTBfgQke9cO1b6DflnbDC1N8=
github.com/bassosimone/closepool v0.0.0-20260622072442-c2ef49d20318/go.mod h1:/pEFe9OK8zhUCHsBzlx7xbjK8Cr1buT+nh2i9CWPJBU=
github.com/bassosimone/deferexit v0.0.0-20260622074722-e5e245b2f690 h1:oVe2mh31suACQwWOfsWPjjlgYPhlkt+4+ya6T5I9x+8=
github.com/bassosimone/deferexit v0.0.0-20260622074722-e5e245b2f690/go.mod h1:7iQMp0iTy0RYH1A+8daroFGoqe4vylEnFG3pHAEjowo=
github.com/bassosimone/dnscodec v0.0.0-20260708085128-509089cc75f8 h1:eyW2CHb+AONK5S6PVUEKlkhPefaPmzj6jJUY0P1lFJs=
github.com/bassosimone/dnscodec v0.0.0-20260708085128-509089cc75f8/go.mod h1:1YKroX0nMC23qPZkYPdmJt8nflSCuZozmcqMIJwC5ug=
github.com/bassosimone/dnsoverhttps v0.0.0-20260708121125-68f80dfaf8c6 h1:NW3AsQk1fo4OW30BelnbsxNEFvk7NMy5cmYEAh11M7Y=
github.com/bassosimone/dnsoverhttps v0.0.0-20260708121125-68f80dfaf8c6/go.mod h1:ZGjxWScgrg3GXwZqEaIq+yq2dvcifGu5UxmwTa0HKgI=
github.com/bassosimone/dnsoverstream v0.0.0-20260708121546-ccd9316416dc h1:OIPIiCgHC2s00Pkn0Zmu8OGkQp72FDiwF1encPID3m8=
github.com/bassosimone/dnsoverstream v0.0.0-20260708121546-ccd9316416dc/go.mod h1:nxTvEWY++pTb1ufrrvwn5YsUZ2Iux+8NcXLmmGg5WrU=
github.com/bassosimone/dnstest v0.0.0-20260708095631-cc76beccfa05 h1:/VbnSU3YN6+0Yga1YNulrKtT2aQrjt85KvBViNBmftQ=
github.com/bassosimone/dnstest v0.0.0-20260708095631-cc76beccfa05/go.mod h1:GxbAKgOpXaZToP3DNlybwFWEv72lFnJWKOqhyMEXbfo=
github.com/bassosimone/errclass v0.0.0-20260622075814-f5cf99a63fcb h1:jfqjYZDJqx2VeYMMo79HQa/s8jlR0WbBONaqXbcZvUk=
github.com/bassosimone/errclass v0.0.0-20260622075814-f5cf99a63fcb/go.mod h1:iCdYQvFRQh0150RAsMxFT+svFsQj11IJS1ZyIXoMjU4=
github.com/bassosimone/flagparser v0.0.0-20260708090239-8563911331ee h1:qXR0g+sj08xgT9yi/WjBBM+QUczDP9osi0yY4/QjSO8=
github.com/bassosimone/flagparser v0.0.0-20260708090239-8563911331ee/go.mod h1:hQe+lhnHj+RTHTby3wV48MtBOnAsNilYehIsXZnOIJ0=
github.com/bassosimone/flagscanner v0.0.0-20260708082732-b5cac5102a3e h1:m6ZgGjFFw8u3Szacktu45e474PiLmm/gJHaeqDKOmI4=
github.com/bassosimone/flagscanner v0.0.0-20260708082732-b5cac5102a3e/go.mod h1:rNk3EiWuBQknQM0tuUa5DK0g7JxcVCLaCyCmnCcDlTk=
github.com/bassosimone/httptestx v0.0.0-20260708091110-917c8526120b h1:k8JIKHJseKZ3/y+UZC8MKntNaXBVV7faSw6KOmWMurU=
github.com/bassosimone/httptestx v0.0.0-20260708091110-917c8526120b/go.mod h1:6aheKZBnRdNldyEROI7j0xn8ZN9BzSG64spEZvXuBFY=
github.com/bassosimone/iotest v0.0.0-20260708091559-c2015e7a62d5 h1:eXz8e316h8PqGljQ673g5qA0ZL3x8IwsDI3rr2Qq8Fc=
github.com/bassosimone/iotest v0.0.0-20260708091559-c2015e7a62d5/go.mod h1:TKMfAIkpNu1xyoVerJjV6Ct2SC6ueOPbJmPYF9c8T4s=
github.com/bassosimone/iox v0.0.0-20260708100622-cd854a34441d h1:pseNyeTkuNHd5AyUvHGIhsABVu8EHNi0TboHlcqDsGQ=
github.com/bassosimone/iox v0.0.0-20260708100622-cd854a34441d/go.mod h1:sPdPWGKjglQ/+mXgFMav1UfvEdKW5a/Ptwm5HPgiDgo=
github.com/bassosimone/minest v0.0.0-20260708122230-473467a4682b h1:idhVZFrMLZQkP3YjgC+ekl/udowf33XvrA5BGIOaWeM=
github.com/bassosimone/minest v0.0.0-20260708122230-473467a4682b/go.mod h1:8DjjDhdKRUeoW/LhuZi59mDzMdnYti+Nj4iGOZP3nt8=
github.com/bassosimone/must v0.0.0-20260708105316-861dd9e8d24d h1:v18NFkxY/tlv9l1foyxGiEwmqs6NMm5I4Zl0HFPNNls=
github.com/bassosimone/must v0.0.0-20260708105316-861dd9e8d24d/go.mod h1:z/yVaoP3mkuHFExPZ2u0QVz01B6C88dYYR/SlrSuLEs=
github.com/bassosimone/netstub v0.0.0-20260708092707-84f2b5087f74 h1:2rJxwp/mYZqqjCriaPGQmR8pKuu30YEJBgXuHk86QwE=
github.com/bassosimone/netstub v0.0.0-20260708092707-84f2b5087f74/go.mod h1:J1RtDq/9g3hJjT6Rp09eXOR87DQelo5PSXyNZ/zz2L4=
github.com/bassosimone/nop v0.0.0-20260708124058-57bde24ba298 h1:8RPiqXf+LoLzyp8kJqg8/S+atMngI/Kn5yODdbd3wVo=
github.com/bassosimone/nop v0.0.0-20260708124058-57bde24ba298/go.mod h1:0jUlm1L74hemCW+bR81cYosYgOpSMlgiFAUAJE6bCXc=
github.com/bassosimone/pkitest v0.0.0-20260708093733-a6664538a85c h1:sRWjo+uZ+je04VmBOMCj3JvHyIxZ+g4rVfCO7BOfWs0=
github.com/bassosimone/pkitest v0.0.0-20260708093733-a6664538a85c/go.mod h1:hcIDKHq0KDmARTUpBmDFCPyPfgh/z5tfQdwJ0XYbOs8=
github.com/bassosimone/runtimex v0.0.0-20260708083610-01df83158243 h1:eqkVFAGD50avpsTGPI65++xpau6lWtud+pPhFergzBM=
github.com/bassosimone/runtimex v0.0.0-20260708083610-01df83158243/go.mod h1:GDr46yuJzuDkzOMI1/9Voo3s7VmYBU/6pkuaI5FR7gE=
github.com/bassosimone/safeconn v0.0.0-20260708110420-2e84cdf843e7 h1:LiaVAtp0J04piGS9ar9tKX0v5KWy9VxN8cNerfsdHSg=
github.com/bassosimone/safeconn v0.0.0-20260708110420-2e84cdf843e7/go.mod h1:EZvc1krmm/cVUBb2Lm9vDWOnDRQS11OcZc6P/74c2kw=
github.com/bassosimone/slogstub v0.0.0-20260708094810-adb764838af5 h1:F7DTX0/d8wnWHa1TycQGu8ORY6vdEMptAdrkY94CEOo=
github.com/bassosimone/slogstub v0.0.0-20260708094810-adb764838af5/go.mod h1:rcBJX83ELb0oNM+xfEjz/U8mYEAt8JZVdZmfpVlWMwc=
github.com/bassosimone/sud v0.0.0-20260708084150-aaf2dbb9d014 h1:ptew01yRNSgn80kmRf/BtDoPiPqgxyX8itPl3W1TDXQ=
github.com/bassosimone/sud v0.0.0-20260708084150-aaf2dbb9d014/go.mod h1:Gph/U7qWlDbUYy+Q5vbwBymog3nQ0zxc+12PVXGgRsY=
github.com/bassosimone/textwrap v0.0.0-20260623161521-ecf2c54815db h1:rN1QctJhpbovn64oa/nt5b8fHuFevkXLOw4244XCGKo=
github.com/bassosimone/textwrap v0.0.0-20260623161521-ecf2c54815db/go.mod h1:SroxjmxXkIVaeta+FgkXfDe0NJQ8of3HOTevtTvLsKA=
github.com/bassosimone/tlsstub v0.0.0-20260708111112-e0ba13e57c7b h1:jaEbIc8tbh3i7n+vBF0H52297paKJFrgzZOrSaydQwk=
github.com/bassosimone/tlsstub v0.0.0-20260708111112-e0ba13e57c7b/go.mod h1:Kz51LGzPM0q5Q2qGFwRqPdFKgm34PQabGDvcKFxOXTY=
github.com/bassosimone/vclip v0.0.0-20260708125114-5c8b09a335a1 h1:KB4Yz+1eZLnZll2p5Frxt//HeyFQoDltdN/AmexRL8Q=
github.com/bassosimone/vclip v0.0.0-20260708125114-5c8b09a335a1/go.mod h1:mQPy5Uhg+Q7qrJ4lmLbFMzEgu7tuqtuxhcOZWfjwIWA=
github.com/bassosimone/vflag v0.0.0-20260708122727-2e70ff20f9ce h1:yfwmh/3NxiAuIUHZfsFPMmiWQkSZ8nejCEnuCxMBpXY=
github.com/bassosimone/vflag v0.0.0-20260708122727-2e70ff20f9ce/go.mod h1:l65UUrox43cLMxFenyEsj2YRphINzaBjYveAu6JXLCY=
github.com/davecgh/go-spew v1.1.1 h1:vj9j/u1bqnvCEfJOwUhtlOARqs3+rkHYY13jYWTU97c=
github.com/davecgh/go-spew v1.1.1/go.mod h1:J7Y8YcW2NihsgmVo/mv3lAwl/skON4iLHjSsI+c5H38=
github.com/goccy/go-yaml v1.19.2 h1:PmFC1S6h8ljIz6gMRBopkjP1TVT7xuwrButHID66PoM=
github.com/goccy/go-yaml v1.19.2/go.mod h1:XBurs7gK8ATbW4ZPGKgcbrY1Br56PdM69F7LkFRi1kA=
github.com/google/go-cmp v0.7.0 h1:wk8382ETsv4JYUZwIsn6YpYiWiBsYLSJiTsyBybVuN8=
github.com/google/go-cmp v0.7.0/go.mod h1:pXiqmnSA92OHEEa9HXL2W4E7lf9JzCmGVUdgjX3N/iU=
github.com/google/uuid v1.6.0 h1:NIvaJDMOsjHA8n1jAhLSgzrAzy1Hgr+hNrb57e+94F0=
github.com/google/uuid v1.6.0/go.mod h1:TIyPZe4MgqvfeYDBFedMoGGpEw/LqOeaOT+nhxU+yHo=
github.com/hexops/gotextdiff v1.0.3 h1:gitA9+qJrrTCsiCl7+kh75nPqQt1cx4ZkudSTLoUqJM=
github.com/hexops/gotextdiff v1.0.3/go.mod h1:pSWU5MAI3yDq+fZBTazCSJysOMbxWL1BSow5/V2vxeg=
github.com/klauspost/compress v1.19.0 h1:sXLILfc9jV2QYWkzFOPWStmcUVH2RHEB1JCdY2oVvCQ=
github.com/klauspost/compress v1.19.0/go.mod h1:cwPg85FWrGar70rWktvGQj8/hthj3wpl0PGDogxkrSQ=
github.com/miekg/dns v1.1.72 h1:vhmr+TF2A3tuoGNkLDFK9zi36F2LS+hKTRW0Uf8kbzI=
github.com/miekg/dns v1.1.72/go.mod h1:+EuEPhdHOsfk6Wk5TT2CzssZdqkmFhf8r+aVyDEToIs=
github.com/parquet-go/bitpack v1.0.0 h1:AUqzlKzPPXf2bCdjfj4sTeacrUwsT7NlcYDMUQxPcQA=
github.com/parquet-go/bitpack v1.0.0/go.mod h1:XnVk9TH+O40eOOmvpAVZ7K2ocQFrQwysLMnc6M/8lgs=
github.com/parquet-go/jsonlite v1.5.2 h1:8TZzYknFOHUpgjTLf80qbzc+8GdeT/3a3fdXSzhMylE=
github.com/parquet-go/jsonlite v1.5.2/go.mod h1:nDjpkpL4EOtqs6NQugUsi0Rleq9sW/OtC1NnZEnxzF0=
github.com/parquet-go/parquet-go v0.30.1 h1:Oy6ganNrAdFiVwy7wNmWagfPTWA2X9Z3tVHBc7JtuX8=
github.com/parquet-go/parquet-go v0.30.1/go.mod h1:navtkAYr2LGoJVp141oXPlO/sxLvaOe3la2JEoD8+rg=
github.com/pierrec/lz4/v4 v4.1.27 h1:+PhzhWDrjRj89TH2sw43nE3+4+W8lSxIuQadEHZyjUk=
github.com/pierrec/lz4/v4 v4.1.27/go.mod h1:EoQMVJgeeEOMsCqCzqFm2O0cJvljX2nGZjcRIPL34O4=
github.com/pion/dtls/v3 v3.1.5 h1:9xJtVsHwMYeSjPp5Hh1FTis4DchnQWtnOa5o+6ygqfc=
github.com/pion/dtls/v3 v3.1.5/go.mod h1:gz1K4jg6c+fq86oQMH4pilpCEOEPwmEr2jY+VcF/mkU=
github.com/pion/logging v0.2.4 h1:tTew+7cmQ+Mc1pTBLKH2puKsOvhm32dROumOZ655zB8=
github.com/pion/logging v0.2.4/go.mod h1:DffhXTKYdNZU+KtJ5pyQDjvOAh/GsNSyv1lbkFbe3so=
github.com/pion/stun/v3 v3.1.6 h1:WnhsD0eHCiwCfKNkVx0VJJwr2Y3eV4Ueih3KJ+dfZy8=
github.com/pion/stun/v3 v3.1.6/go.mod h1:zRUghXSQU32Lx5orJsz3uYMkIihweXb3mu5gIns02fs=
github.com/pion/transport/v4 v4.0.2 h1:ifYlPqNwsy6aKQ9y8yzxXlHae5431ZrH2avkD/Rn6Tk=
github.com/pion/transport/v4 v4.0.2/go.mod h1:06hFI+jCFcok2X2MekVufNZ/uzNZXivGBPfviSVcjgM=
github.com/pmezard/go-difflib v1.0.0 h1:4DBwDE0NGyQoBHbLQYPwSUPoCMWR5BEzIk/f1lZbAQM=
github.com/pmezard/go-difflib v1.0.0/go.mod h1:iKH77koFhYxTK1pcRnkKkqfTogsbg7gZNVY4sRDYZ/4=
github.com/quic-go/go-ossfuzz-seeds v0.1.0 h1:APacT+iIaNF6fd8AGEiN3bT/Jtkd2jz4v4TzM7MFjy0=
github.com/quic-go/go-ossfuzz-seeds v0.1.0/go.mod h1:3IOHRbJIc+L6YKMwfDtJAM9Vj9k0YY4muhuyUYk5tbk=
github.com/quic-go/qpack v0.6.0 h1:g7W+BMYynC1LbYLSqRt8PBg5Tgwxn214ZZR34VIOjz8=
github.com/quic-go/qpack v0.6.0/go.mod h1:lUpLKChi8njB4ty2bFLX2x4gzDqXwUpaO1DP9qMDZII=
github.com/quic-go/quic-go v0.60.0 h1:xcQioE8OM66UQLeUMHltK1CCcOu3JbVB4JAQdDQSB+0=
github.com/quic-go/quic-go v0.60.0/go.mod h1:wpKpjmPpftl30sL6pFh7REVpjbcCVy4zt2vDyK1TuJk=
github.com/rogpeppe/go-internal v1.15.0 h1:D0RCU5rMAp+SpgkiNdrjfJ+LX4J1M32V2NeCY7EJ6hc=
github.com/rogpeppe/go-internal v1.15.0/go.mod h1:DrUVZyrJU+txYW5/1kwtXQSMFio52ZOxX7yM1VHvnxs=
github.com/stretchr/testify v1.11.1 h1:7s2iGBzp5EwR7/aIZr8ao5+dra3wiQyKjjFuvgVKu7U=
github.com/stretchr/testify v1.11.1/go.mod h1:wZwfW3scLgRK+23gO65QZefKpKQRnfz6sD981Nm4B6U=
github.com/twpayne/go-geom v1.6.1 h1:iLE+Opv0Ihm/ABIcvQFGIiFBXd76oBIar9drAwHFhR4=
github.com/twpayne/go-geom v1.6.1/go.mod h1:Kr+Nly6BswFsKM5sd31YaoWS5PeDDH2NftJTK7Gd028=
github.com/wlynxg/anet v0.0.5 h1:J3VJGi1gvo0JwZ/P1/Yc/8p63SoW98B5dHkYDmpgvvU=
github.com/wlynxg/anet v0.0.5/go.mod h1:eay5PRQr7fIVAMbTbchTnO9gG65Hg/uYGdc7mguHxoA=
github.com/xyproto/randomstring v1.0.5 h1:YtlWPoRdgMu3NZtP45drfy1GKoojuR7hmRcnhZqKjWU=
github.com/xyproto/randomstring v1.0.5/go.mod h1:rgmS5DeNXLivK7YprL0pY+lTuhNQW3iGxZ18UQApw/E=
go.uber.org/mock v0.5.2 h1:LbtPTcP8A5k9WPXj54PPPbjcI4Y6lhyOZXn+VS7wNko=
go.uber.org/mock v0.5.2/go.mod h1:wLlUxC2vVTPTaE3UD51E0BGOAElKrILxhVSDYQLld5o=
golang.org/x/crypto v0.53.0 h1:QZ4Muo8THX6CizN2vPPd5fBGHyogrdK9fG4wLPFUsto=
golang.org/x/crypto v0.53.0/go.mod h1:DNLU434OwVakk9PzuwV8w62mAJpRJL3vsgcfp4Qnsio=
golang.org/x/mod v0.37.0 h1:vF1DjpVEshcIqoEaauuHebaLk1O1forxjxBaVn884JQ=
golang.org/x/mod v0.37.0/go.mod h1:m8S8VeM9r4dzDwjrKO0a1sZP3YjeMamRRlD+fmR2Q/0=
golang.org/x/net v0.56.0 h1:Rw8j/hFzGvJUZwNBXnAtf5sVDVt+65SK2C7IxCxZt5o=
golang.org/x/net v0.56.0/go.mod h1:D3Ku6r+V6JROoZK144D2XfMHFcMq/0zSfLelVTCFKec=
golang.org/x/sync v0.22.0 h1:SZjpbeLmrCk4xhRSZFNZW5gFUeCeFgjekvI/+gfScek=
golang.org/x/sync v0.22.0/go.mod h1:9xrNwdLfx4jkKbNva9FpL6vEN7evnE43NNNJQ2LF3+0=
golang.org/x/sys v0.47.0 h1:o7XGOvZQCADBQQ4Y7VNq2dRWQR7JmOUW8Kxx4ZsNgWs=
golang.org/x/sys v0.47.0/go.mod h1:4GL1E5IUh+htKOUEOaiffhrAeqysfVGipDYzABqnCmw=
golang.org/x/text v0.39.0 h1:UbZz4pLOvn600D6Oh6GGEI6VAmndrEBLv8/6BEXzyus=
golang.org/x/text v0.39.0/go.mod h1:3UwRclnC2g0TU9x8PZiyfOajCd1zaUNHF9cvqcQZ+ZM=
golang.org/x/tools v0.47.0 h1:7Kn5x/d1svx/PzryTsqeoZN4TZwqeH5pGWjefhLi/1Q=
golang.org/x/tools v0.47.0/go.mod h1:dFHnyTvFWY212G+h7ZY4Vsp/K3U4/7W9TyVaAul8uCA=
google.golang.org/protobuf v1.36.11 h1:fV6ZwhNocDyBLK0dj+fg8ektcVegBBuEolpbTQyBNVE=
google.golang.org/protobuf v1.36.11/go.mod h1:HTf+CrKn2C3g5S8VImy6tdcUvCska2kB7j23XfzDpco=
gopkg.in/yaml.v3 v3.0.1 h1:fxVm/GzAzEWqLHuvctI91KS9hhNmmWOoWu0XTYJS7CA=
gopkg.in/yaml.v3 v3.0.1/go.mod h1:K4uyk7z7BCEPqu6E+C64Yfv1cQ7kz7rIZviUmN+EgEM=
