github.com/DATA-DOG/go-sqlmock v1.5.2 h1:OcvFkGmslmlZibjAjaHm3L//6LiuBgolP7OputlJIzU=
github.com/DATA-DOG/go-sqlmock v1.5.2/go.mod h1:88MAG/4G7SMwSE3CeA0ZKzrT5CiOU3OJ+JlNzwDqpNU=
github.com/alecthomas/assert/v2 v2.10.0 h1:jjRCHsj6hBJhkmhznrCzoNpbA3zqy0fYiUcYZP/GkPY=
github.com/alecthomas/assert/v2 v2.10.0/go.mod h1:Bze95FyfUr7x34QZrjL+XP+0qgp/zg8yS+TtBj1WA3k=
github.com/alecthomas/repr v0.4.0 h1:GhI2A8MACjfegCPVq9f1FLvIBS+DrQ2KQBFZP1iFzXc=
github.com/alecthomas/repr v0.4.0/go.mod h1:Fr0507jx4eOXV7AlPV6AVZLYrLIuIeSOWtW57eE/O/4=
github.com/andybalholm/brotli v1.2.4 h1:649LN6qF+/7JJYNN3Wdu4Dt5PS6eC/yP/Go3Bb0/AHI=
github.com/andybalholm/brotli v1.2.4/go.mod h1:rzTDkvFWvIrjDXZHkuS16NPggd91W3kUSvPlQ1pLaKY=
github.com/bassosimone/closepool v0.0.0-20260920130209-ecd5a8f12e9b h1:/ZLurWg0XKVDNa+YINZ66FxFOriYEojosgwyXVqNt3I=
github.com/bassosimone/closepool v0.0.0-20260920130209-ecd5a8f12e9b/go.mod h1:pTm4iP9igekKou5VsOwzdZcl7kwerWHVqw/cwdPBLKE=
github.com/bassosimone/deferexit v0.0.0-20260920130353-344b1a39a3c4 h1:rxtdlIpLSAf5MubEf41lcSakqDdx8Cn+0aKdCS9hjRI=
github.com/bassosimone/deferexit v0.0.0-20260920130353-344b1a39a3c4/go.mod h1:NSAjebj+WdAq+TUpnwqOEDWdybQMWY4qBGp5lIYUnmg=
github.com/bassosimone/dnscodec v0.0.0-20260920134140-e91c2ba33014 h1:+tPl+q85bz4DcV+XeiYP/sgQPsBXjSIr3Qkm/MnvonU=
github.com/bassosimone/dnscodec v0.0.0-20260920134140-e91c2ba33014/go.mod h1:vAtKHVyDFQ9hVlV0Rq0Hb55lDod0NHM39j32JQAjkgg=
github.com/bassosimone/dnsoverhttps v0.0.0-20260920135418-3d304980c0a4 h1:EjSDZVTJzHcUZZrO8StEpxGONOl9DoCfcPIGXgu2O/o=
github.com/bassosimone/dnsoverhttps v0.0.0-20260920135418-3d304980c0a4/go.mod h1:MbNgHVJZEA9AcRf3DBv/pbK9LAenyus7HQMlI4Y+HVE=
github.com/bassosimone/dnsoverstream v0.0.0-20260920135504-fac4d723fdbc h1:r2v6RP8lZMEIPSKjFYnhxaxDzjo+Oin9zt4AiaPuc0E=
github.com/bassosimone/dnsoverstream v0.0.0-20260920135504-fac4d723fdbc/go.mod h1:PYsS62/FqsYUqOhBBsd2gsASehvkRKRExSBN5Ongtyo=
github.com/bassosimone/dnstest v0.0.0-20260920134733-9b5a6cabb432 h1:ftpLVoHWrKw9a32os2JaRsgLnAGSwG/bbmDSYAJ9lnE=
github.com/bassosimone/dnstest v0.0.0-20260920134733-9b5a6cabb432/go.mod h1:oDTPIPrJtdihpfof0NZHlH2KQ7+DEHhhCqSJyCXj1n0=
github.com/bassosimone/errclass v0.0.0-20260920130548-7c6065cbf578 h1:UoYlX85YbBKlEmW0h25FPtvkVKdB5D9DLT72wvcy6Cc=
github.com/bassosimone/errclass v0.0.0-20260920130548-7c6065cbf578/go.mod h1:sQxfND7rwso9FT9cexdBsWTmRa367CyhWTixnnV+Yw4=
github.com/bassosimone/flagparser v0.0.0-20260920134238-622c743feb8a h1:AqZJZVx0l+lHavlc1q9PSQwBEfNxe5xrEO/byoakUe4=
github.com/bassosimone/flagparser v0.0.0-20260920134238-622c743feb8a/go.mod h1:Fp3fyxLL8g7EAAyGGJB0l4YNqtjxHndY9o1UlshQkw8=
github.com/bassosimone/flagscanner v0.0.0-20260920130738-11546ab7262e h1:Cu71yufbleTyQisJ1Vlowkmr4kHjA8b1NYnQt3S8tGc=
github.com/bassosimone/flagscanner v0.0.0-20260920130738-11546ab7262e/go.mod h1:lsqcETgORqNfmetvXIwX+7tDV3wD1FFLa9S+RiaK7IM=
github.com/bassosimone/httptestx v0.0.0-20260920134329-af2ed2d0f559 h1:x23waqYs/M6rv64m38flllWncoIgO8x5qSM5ia7WUs4=
github.com/bassosimone/httptestx v0.0.0-20260920134329-af2ed2d0f559/go.mod h1:mqwo0Gia8RK0bjZ+tdU6C9ihZfNlXhu65M/fqNNAIN8=
github.com/bassosimone/iotest v0.0.0-20260920134413-5155dd099827 h1:Jk+UUSMdbgjRHZHHB4h4UXrqdVOfUNzDaEc7rw2ur80=
github.com/bassosimone/iotest v0.0.0-20260920134413-5155dd099827/go.mod h1:CERRRPxqg1oN8JvnTgPgv2AVVhhkJadxfdTU4oqMvpc=
github.com/bassosimone/iox v0.0.0-20260920134829-97daf4c1a668 h1:CzXe5Qy/BlW9kR6LSkOjQNAyHabHNV/SnJjRKjDbuGc=
github.com/bassosimone/iox v0.0.0-20260920134829-97daf4c1a668/go.mod h1:Tlnct0LyHVFOKFHEt3L2Gk4jDZKa+EZj/JP835XsrCs=
github.com/bassosimone/minest v0.0.0-20260920135554-8479929affc1 h1:gkl0mH6hjONX3cZaNRErkfAbGLkzgLtzuy8NlV+aJho=
github.com/bassosimone/minest v0.0.0-20260920135554-8479929affc1/go.mod h1:KHCtygbdv56F2XojD3SSlB7NjUNKrxn1Nz8ub0yiS4Y=
github.com/bassosimone/must v0.0.0-20260920134909-0e0911cde875 h1:dX1sMVWBKd63XWfdg5TDEI7O2WD3mr4Hxe1exwrccYU=
github.com/bassosimone/must v0.0.0-20260920134909-0e0911cde875/go.mod h1:zgUwAU6aAhbSagmP/qUgmu9L+fuBjzQjSSk7Izcz5z4=
github.com/bassosimone/netstub v0.0.0-20260920134457-30c052c7ef3a h1:88L66btw15q/J0q23kMhbsg00OrZmMUWHfsOe/ICzus=
github.com/bassosimone/netstub v0.0.0-20260920134457-30c052c7ef3a/go.mod h1:P0cdjjIO93lcACVZ7hsuBIMAAqkXbzrBUgDy80A8r0Y=
github.com/bassosimone/nop v0.0.0-20260920140226-89b218104885 h1:tbF/ghoMqtDokoTgyDTyIXVFUZkZVzqUTfvqXjkc+l4=
github.com/bassosimone/nop v0.0.0-20260920140226-89b218104885/go.mod h1:uq3afviCc5TQDelUMbBfOlT9sPterCDKRBNJmkLMeS4=
github.com/bassosimone/pkitest v0.0.0-20260920134538-44dc9051d09a h1:vJNmkNN6meaG+1+rKwh8eaGRKMzRoiqc0koMF3Y/ugE=
github.com/bassosimone/pkitest v0.0.0-20260920134538-44dc9051d09a/go.mod h1:7AMzk8y8F6k6X37HCmyEP7G652KA93IoqZdA2GKUiMs=
github.com/bassosimone/runtimex v0.0.0-20260920130843-b72080259a60 h1:1bLVzSLp4k8NCkLkHYE/TLRf58gSBV/Py4pNXJDAhGs=
github.com/bassosimone/runtimex v0.0.0-20260920130843-b72080259a60/go.mod h1:2aW76skIZNS7ljOpIqU3eARVLmtb0AG/Gab4aegSkTA=
github.com/bassosimone/safeconn v0.0.0-20260920135006-cffeabe7db91 h1:ixqveFs2zHjT1JCfQfcEbu69E5ZQj/Q/Ny0yLCUur0g=
github.com/bassosimone/safeconn v0.0.0-20260920135006-cffeabe7db91/go.mod h1:LV1qv/aOilG+wxAHxOo1vivnoc/yAq/IfyQKDe8rgJg=
github.com/bassosimone/slogstub v0.0.0-20260920134634-de1fd3b4bf9d h1:Ry25qtLHKusQRZqFowSXqm64F7HFwhzzfDFCswgmi/w=
github.com/bassosimone/slogstub v0.0.0-20260920134634-de1fd3b4bf9d/go.mod h1:8zI1VULN+uVdHPAo9QGCOp0m3XGIMPTf6vbjwCV2FlQ=
github.com/bassosimone/sud v0.0.0-20260920130940-9f9736245d9d h1:lVue7QbJjqZX/cJLzMpt6Xhx1x2szBMh5WBeU3Ordh4=
github.com/bassosimone/sud v0.0.0-20260920130940-9f9736245d9d/go.mod h1:rWgLB1knwP392RwXnPA0FOlfHmzPpLJD/1KrHg+ev1I=
github.com/bassosimone/textwrap v0.0.0-20260920134026-7a0b23602d17 h1:LCaUCYzfTebq6IjJ1s/5qwyc0emSgYUrx/H6uf4jaW4=
github.com/bassosimone/textwrap v0.0.0-20260920134026-7a0b23602d17/go.mod h1:Abw4PaN0ny+I6/HT5tZV9NwTOz2qqT9MzWWom8g6veo=
github.com/bassosimone/tlsstub v0.0.0-20260920135123-d06c7fcbe2bc h1:4HXRR+yBlfOjlzY1bEsNEyWszDolGVK/dBWNXHI4qBg=
github.com/bassosimone/tlsstub v0.0.0-20260920135123-d06c7fcbe2bc/go.mod h1:xwxc0CgBPR2AKGsUD5BJlM8BlYl2aCSJ0wF0nnruR9c=
github.com/bassosimone/vclip v0.0.0-20260925143522-ace4df29919e h1:z9AOuTj3NTewHEuS9g4SZE0/niu6XFRQKq3d6JPMEGk=
github.com/bassosimone/vclip v0.0.0-20260925143522-ace4df29919e/go.mod h1:Z/tL0t5Xh2Mt8qJrwJCvn6ZkjQUBhIEfjkekjKj7Ub4=
github.com/bassosimone/vflag v0.0.0-20260923101421-08f22745a120 h1:shioPMKclwFsMCQ+mXOVuiCPdlgrPnlECLVTJVhgrkI=
github.com/bassosimone/vflag v0.0.0-20260923101421-08f22745a120/go.mod h1:2VpkMV6B+FemAGIPDv/FWUJPIcwdEIbg4/rqU+uBdts=
github.com/goccy/go-yaml v1.19.2 h1:PmFC1S6h8ljIz6gMRBopkjP1TVT7xuwrButHID66PoM=
github.com/goccy/go-yaml v1.19.2/go.mod h1:XBurs7gK8ATbW4ZPGKgcbrY1Br56PdM69F7LkFRi1kA=
github.com/google/go-cmp v0.7.0 h1:wk8382ETsv4JYUZwIsn6YpYiWiBsYLSJiTsyBybVuN8=
github.com/google/go-cmp v0.7.0/go.mod h1:pXiqmnSA92OHEEa9HXL2W4E7lf9JzCmGVUdgjX3N/iU=
github.com/google/uuid v1.6.0 h1:NIvaJDMOsjHA8n1jAhLSgzrAzy1Hgr+hNrb57e+94F0=
github.com/google/uuid v1.6.0/go.mod h1:TIyPZe4MgqvfeYDBFedMoGGpEw/LqOeaOT+nhxU+yHo=
github.com/hexops/gotextdiff v1.0.3 h1:gitA9+qJrrTCsiCl7+kh75nPqQt1cx4ZkudSTLoUqJM=
github.com/hexops/gotextdiff v1.0.3/go.mod h1:pSWU5MAI3yDq+fZBTazCSJysOMbxWL1BSow5/V2vxeg=
github.com/klauspost/compress v1.20.0 h1:a3C1ke2ohxFymNlb2HWAHjDeKCI90scRskErZkR0ezA=
github.com/klauspost/compress v1.20.0/go.mod h1:LUdAzn7YLVvxLpc7y3V1m40wESHTgc1422pwwBSKYuI=
github.com/miekg/dns v1.1.73 h1:uhT8nJxmTrPJYClxVxTCX+CVn6qnzSiybRk72Z6DgrE=
github.com/miekg/dns v1.1.73/go.mod h1:RW2Obtfd5NZHvOFe3zYG0W8koWOQtAzyHaLo8vASBuQ=
github.com/parquet-go/bitpack v1.1.0 h1:b80hfKZwIJ3Ku684xJSEj/9G0tywQPKOtmTV8si30mo=
github.com/parquet-go/bitpack v1.1.0/go.mod h1:XnVk9TH+O40eOOmvpAVZ7K2ocQFrQwysLMnc6M/8lgs=
github.com/parquet-go/jsonlite v1.5.5 h1:TIqJ+b+mYoTvvEt1/ICS4fBacQO0xWwAbvtcrKjEcC8=
github.com/parquet-go/jsonlite v1.5.5/go.mod h1:hN57TVzxtr04kaax5XwNgCCsh1KE7BT6dvY6X/zNH90=
github.com/parquet-go/parquet-go v0.32.0 h1:NWDqTUHfrCS4cJP/Fj2HlxvqsrVedWG3sayMkf+znzM=
github.com/parquet-go/parquet-go v0.32.0/go.mod h1:navtkAYr2LGoJVp141oXPlO/sxLvaOe3la2JEoD8+rg=
github.com/pierrec/lz4/v4 v4.1.30 h1:cchX8N2DVP668WkElI9QMwVyoNabLkq1LofDHFeIrdg=
github.com/pierrec/lz4/v4 v4.1.30/go.mod h1:EoQMVJgeeEOMsCqCzqFm2O0cJvljX2nGZjcRIPL34O4=
github.com/pion/dtls/v3 v3.1.9 h1:rpeycmLIkc4krpk1IxP7+39o11QdCXbmV9+FGi9yZJ8=
github.com/pion/dtls/v3 v3.1.9/go.mod h1:iKFQNYrjsN2TiA2YKKMqB9MOZaFpjFULBI/A4sW0eyc=
github.com/pion/logging v0.2.4 h1:tTew+7cmQ+Mc1pTBLKH2puKsOvhm32dROumOZ655zB8=
github.com/pion/logging v0.2.4/go.mod h1:DffhXTKYdNZU+KtJ5pyQDjvOAh/GsNSyv1lbkFbe3so=
github.com/pion/stun/v3 v3.1.7 h1:uRXMTlGLf89WgItGNyZ6aR5jMTX0NBbybXADpQCzn+E=
github.com/pion/stun/v3 v3.1.7/go.mod h1:Nq77RW4aRrSNrltf2ksUJLjxWeipj4lnlgdsYIxC8g8=
github.com/pion/transport/v4 v4.1.1 h1:kEBtbp1sRad0tnkREDNJ3fmop/CR8p/YxXnpFbn9tqo=
github.com/pion/transport/v4 v4.1.1/go.mod h1:Oxo5oODQvjFF7NkHBBz3f4fZXLB7x03uLVuzfYeA5pE=
github.com/pion/transport/v5 v5.0.1 h1:b+nvq08JigTwuCYOAGsRBOK6QsAZzBZasbBwXAckU0k=
github.com/pion/transport/v5 v5.0.1/go.mod h1:Qxw6fCEjFWQkRDZOhS4Vf+neJBcihauvA3uyEa1J1F0=
github.com/quic-go/go-ossfuzz-seeds v0.1.0 h1:APacT+iIaNF6fd8AGEiN3bT/Jtkd2jz4v4TzM7MFjy0=
github.com/quic-go/go-ossfuzz-seeds v0.1.0/go.mod h1:3IOHRbJIc+L6YKMwfDtJAM9Vj9k0YY4muhuyUYk5tbk=
github.com/quic-go/qpack v0.6.0 h1:g7W+BMYynC1LbYLSqRt8PBg5Tgwxn214ZZR34VIOjz8=
github.com/quic-go/qpack v0.6.0/go.mod h1:lUpLKChi8njB4ty2bFLX2x4gzDqXwUpaO1DP9qMDZII=
github.com/quic-go/quic-go v0.62.0 h1:ZHDjCk5OacATwGvs8PWE97CTvX7AqZiVoW7++ZOXTf8=
github.com/quic-go/quic-go v0.62.0/go.mod h1:RAro2j2yN9a9EiPACLHT9IB2NXCvGQmmo/alT0yYI0w=
github.com/rogpeppe/go-internal v1.16.0 h1:O9DK+vNMDVGLr2BeZqmpLeMjiMNkuXfcqntWbZV6S5g=
github.com/rogpeppe/go-internal v1.16.0/go.mod h1:DrUVZyrJU+txYW5/1kwtXQSMFio52ZOxX7yM1VHvnxs=
github.com/stretchr/testify v1.12.1 h1:EuwCh5fleGS7H32xRwO3wRGT7DxrDhLAT6FF8MpWDWE=
github.com/stretchr/testify v1.12.1/go.mod h1:MDEgiDPPsNp5cuIrHPPCyornHKgEVbtFUmoNlxoYthg=
github.com/twpayne/go-geom v1.6.1 h1:iLE+Opv0Ihm/ABIcvQFGIiFBXd76oBIar9drAwHFhR4=
github.com/twpayne/go-geom v1.6.1/go.mod h1:Kr+Nly6BswFsKM5sd31YaoWS5PeDDH2NftJTK7Gd028=
github.com/wlynxg/anet v0.0.5 h1:J3VJGi1gvo0JwZ/P1/Yc/8p63SoW98B5dHkYDmpgvvU=
github.com/wlynxg/anet v0.0.5/go.mod h1:eay5PRQr7fIVAMbTbchTnO9gG65Hg/uYGdc7mguHxoA=
github.com/xyproto/randomstring v1.0.5 h1:YtlWPoRdgMu3NZtP45drfy1GKoojuR7hmRcnhZqKjWU=
github.com/xyproto/randomstring v1.0.5/go.mod h1:rgmS5DeNXLivK7YprL0pY+lTuhNQW3iGxZ18UQApw/E=
go.uber.org/mock v0.5.2 h1:LbtPTcP8A5k9WPXj54PPPbjcI4Y6lhyOZXn+VS7wNko=
go.uber.org/mock v0.5.2/go.mod h1:wLlUxC2vVTPTaE3UD51E0BGOAElKrILxhVSDYQLld5o=
go.yaml.in/yaml/v3 v3.0.5 h1:N6y/pJk8buWs9NY5ERU2HSMfm+IuD/OtfdAnq6kESPw=
go.yaml.in/yaml/v3 v3.0.5/go.mod h1:HVTZu1O7/Vkt2N+BFy8Zza+lnLsABggaTM2ZpNIGuKg=
golang.org/x/crypto v0.57.0 h1:3ZVCjf8Ggz7zneR/EHRVx68Ctf+2pmIMP2UFhh9cC6M=
golang.org/x/crypto v0.57.0/go.mod h1:Fdz0i5U6CoizGwLda9DttjSk6qlZo25zYNtR+ycvuZA=
golang.org/x/net v0.59.0 h1:5zfYln+w5XCxwrnMMJPufRgNoXEaGxl0wo5GqPXyues=
golang.org/x/net v0.59.0/go.mod h1:2DA/G1UfVbCpQPeWTmMPGY7Cs2PkBkwu743bVX5PIVg=
golang.org/x/sync v0.23.0 h1:KameEIfc1IkluZyXWLn39Wd4tURc6GbCiISGiZm2bQk=
golang.org/x/sync v0.23.0/go.mod h1:sUUOizhqBxiL6pEWpqNLUiaJn1ShEbZ6BBqskPbjZm0=
golang.org/x/sys v0.48.0 h1:bbX/i/6MgT9BVLM9RT1thmxL04yeTAhbEz4SyadbXoo=
golang.org/x/sys v0.48.0/go.mod h1:hNLxWAXmnKAxqDtdwIYC4bM9oQPEecfsnNMuSxOs3og=
golang.org/x/text v0.42.0 h1:JbOZXgfeCPU9gacVtYliJqOhD+zhrEqK4LfdpmlUZqI=
golang.org/x/text v0.42.0/go.mod h1:ojzP1Z+2QtioaF8DTtO8K5q7JWVVYwZKenzujK0Zd0E=
google.golang.org/protobuf v1.36.12 h1:pJOKDDOyeXErUroCihFAd5LQuwXBSpVnKGrj5o/fwxc=
google.golang.org/protobuf v1.36.12/go.mod h1:HTf+CrKn2C3g5S8VImy6tdcUvCska2kB7j23XfzDpco=
